
Microsoft Visual Studio Solution File, Format Version 12.00
# Visual Studio Version 17
VisualStudioVersion = 17.8.34316.72
MinimumVisualStudioVersion = 10.0.40219.1
Project("{2150E333-8FDC-42A3-9474-1A3956D46DE8}") = "Src", "Src", "{F79C41E7-BC08-4716-8E1E-DF82567AABA8}"
EndProject
Project("{2150E333-8FDC-42A3-9474-1A3956D46DE8}") = "Application", "Application", "{88BC0C1C-0A24-421D-9400-0FD473C69750}"
EndProject
Project("{2150E333-8FDC-42A3-9474-1A3956D46DE8}") = "Core", "Core", "{DF6F0813-A270-48C1-84B7-E58767FB095D}"
EndProject
Project("{2150E333-8FDC-42A3-9474-1A3956D46DE8}") = "Endpoint", "Endpoint", "{BA13376C-D924-4D4E-97A9-7CF1A27585E3}"
EndProject
Project("{2150E333-8FDC-42A3-9474-1A3956D46DE8}") = "Infrastructure", "Infrastructure", "{08A311AB-FDBE-4B9F-A6EC-8D0347DF30BF}"
EndProject
Project("{9A19103F-16F7-4668-BE54-9A1E7A4F7556}") = "SIMA.WorkFlowEngine.Application", "SIMA.WorkFlowEngine.Application\SIMA.WorkFlowEngine.Application.csproj", "{82491412-DED6-4DFC-9204-F8802A42F046}"
EndProject
Project("{9A19103F-16F7-4668-BE54-9A1E7A4F7556}") = "SIMA.WorkFlowEngine.Application.Contract", "SIMA.WorkFlowEngine.Application.Contract\SIMA.WorkFlowEngine.Application.Contract.csproj", "{55B9A89D-F815-460E-BA7A-A4AFC990893B}"
EndProject
Project("{9A19103F-16F7-4668-BE54-9A1E7A4F7556}") = "SIMA.WorkFlowEngine.Application.Query", "SIMA.WorkFlowEngine.Application.Query\SIMA.WorkFlowEngine.Application.Query.csproj", "{7CF41D5A-FC3F-437C-AC67-E67F9F10F777}"
EndProject
Project("{9A19103F-16F7-4668-BE54-9A1E7A4F7556}") = "SIMA.WorkFlowEngine.Application.Query.Contract", "SIMA.WorkFlowEngine.Application.Query.Contract\SIMA.WorkFlowEngine.Application.Query.Contract.csproj", "{00B7DDAF-AA39-4434-9A22-662B34AA3F34}"
EndProject
Project("{9A19103F-16F7-4668-BE54-9A1E7A4F7556}") = "SIMA.WorkFlowEngine.Domain", "SIMA.WorkFlowEngine.Domain\SIMA.WorkFlowEngine.Domain.csproj", "{4FED87C2-CAA1-4B1B-956A-30A598CE8111}"
EndProject
Project("{9A19103F-16F7-4668-BE54-9A1E7A4F7556}") = "SIMA.WorkFlowEngine.WebApi", "SIMA.WorkFlowEngine.WebApi\SIMA.WorkFlowEngine.WebApi.csproj", "{B8B7488D-F978-4D98-A87B-42A0B9438B10}"
EndProject
Project("{9A19103F-16F7-4668-BE54-9A1E7A4F7556}") = "SIMA.WorkFlowEngine.Persistance.EF", "SIMA.WorkFlowEngine.Persistance.EF\SIMA.WorkFlowEngine.Persistance.EF.csproj", "{3B91F696-E772-4F60-92A6-79B3F6DEA083}"
EndProject
Project("{9A19103F-16F7-4668-BE54-9A1E7A4F7556}") = "SIMA.WorkFlowEngine.Persistance.EF.Read", "SIMA.WorkFlowEngine.Persistance.EF.Read\SIMA.WorkFlowEngine.Persistance.EF.Read.csproj", "{EA63AFC1-796D-43EB-BFB9-B6416C1CB9D4}"
EndProject
Project("{FAE04EC0-301F-11D3-BF4B-00C04F79EFBC}") = "SIMA.WorkFlowEngine.DomainService", "SIMA.WorkFlowEngine.DomainService\SIMA.WorkFlowEngine.DomainService.csproj", "{78EA6327-2285-4102-8F3D-4BF97E1D1887}"
EndProject
Global
	GlobalSection(SolutionConfigurationPlatforms) = preSolution
		Debug|Any CPU = Debug|Any CPU
		Release|Any CPU = Release|Any CPU
	EndGlobalSection
	GlobalSection(ProjectConfigurationPlatforms) = postSolution
		{82491412-DED6-4DFC-9204-F8802A42F046}.Debug|Any CPU.ActiveCfg = Debug|Any CPU
		{82491412-DED6-4DFC-9204-F8802A42F046}.Debug|Any CPU.Build.0 = Debug|Any CPU
		{82491412-DED6-4DFC-9204-F8802A42F046}.Release|Any CPU.ActiveCfg = Release|Any CPU
		{82491412-DED6-4DFC-9204-F8802A42F046}.Release|Any CPU.Build.0 = Release|Any CPU
		{55B9A89D-F815-460E-BA7A-A4AFC990893B}.Debug|Any CPU.ActiveCfg = Debug|Any CPU
		{55B9A89D-F815-460E-BA7A-A4AFC990893B}.Debug|Any CPU.Build.0 = Debug|Any CPU
		{55B9A89D-F815-460E-BA7A-A4AFC990893B}.Release|Any CPU.ActiveCfg = Release|Any CPU
		{55B9A89D-F815-460E-BA7A-A4AFC990893B}.Release|Any CPU.Build.0 = Release|Any CPU
		{7CF41D5A-FC3F-437C-AC67-E67F9F10F777}.Debug|Any CPU.ActiveCfg = Debug|Any CPU
		{7CF41D5A-FC3F-437C-AC67-E67F9F10F777}.Debug|Any CPU.Build.0 = Debug|Any CPU
		{7CF41D5A-FC3F-437C-AC67-E67F9F10F777}.Release|Any CPU.ActiveCfg = Release|Any CPU
		{7CF41D5A-FC3F-437C-AC67-E67F9F10F777}.Release|Any CPU.Build.0 = Release|Any CPU
		{00B7DDAF-AA39-4434-9A22-662B34AA3F34}.Debug|Any CPU.ActiveCfg = Debug|Any CPU
		{00B7DDAF-AA39-4434-9A22-662B34AA3F34}.Debug|Any CPU.Build.0 = Debug|Any CPU
		{00B7DDAF-AA39-4434-9A22-662B34AA3F34}.Release|Any CPU.ActiveCfg = Release|Any CPU
		{00B7DDAF-AA39-4434-9A22-662B34AA3F34}.Release|Any CPU.Build.0 = Release|Any CPU
		{4FED87C2-CAA1-4B1B-956A-30A598CE8111}.Debug|Any CPU.ActiveCfg = Debug|Any CPU
		{4FED87C2-CAA1-4B1B-956A-30A598CE8111}.Debug|Any CPU.Build.0 = Debug|Any CPU
		{4FED87C2-CAA1-4B1B-956A-30A598CE8111}.Release|Any CPU.ActiveCfg = Release|Any CPU
		{4FED87C2-CAA1-4B1B-956A-30A598CE8111}.Release|Any CPU.Build.0 = Release|Any CPU
		{B8B7488D-F978-4D98-A87B-42A0B9438B10}.Debug|Any CPU.ActiveCfg = Debug|Any CPU
		{B8B7488D-F978-4D98-A87B-42A0B9438B10}.Debug|Any CPU.Build.0 = Debug|Any CPU
		{B8B7488D-F978-4D98-A87B-42A0B9438B10}.Release|Any CPU.ActiveCfg = Release|Any CPU
		{B8B7488D-F978-4D98-A87B-42A0B9438B10}.Release|Any CPU.Build.0 = Release|Any CPU
		{3B91F696-E772-4F60-92A6-79B3F6DEA083}.Debug|Any CPU.ActiveCfg = Debug|Any CPU
		{3B91F696-E772-4F60-92A6-79B3F6DEA083}.Debug|Any CPU.Build.0 = Debug|Any CPU
		{3B91F696-E772-4F60-92A6-79B3F6DEA083}.Release|Any CPU.ActiveCfg = Release|Any CPU
		{3B91F696-E772-4F60-92A6-79B3F6DEA083}.Release|Any CPU.Build.0 = Release|Any CPU
		{EA63AFC1-796D-43EB-BFB9-B6416C1CB9D4}.Debug|Any CPU.ActiveCfg = Debug|Any CPU
		{EA63AFC1-796D-43EB-BFB9-B6416C1CB9D4}.Debug|Any CPU.Build.0 = Debug|Any CPU
		{EA63AFC1-796D-43EB-BFB9-B6416C1CB9D4}.Release|Any CPU.ActiveCfg = Release|Any CPU
		{EA63AFC1-796D-43EB-BFB9-B6416C1CB9D4}.Release|Any CPU.Build.0 = Release|Any CPU
		{78EA6327-2285-4102-8F3D-4BF97E1D1887}.Debug|Any CPU.ActiveCfg = Debug|Any CPU
		{78EA6327-2285-4102-8F3D-4BF97E1D1887}.Debug|Any CPU.Build.0 = Debug|Any CPU
		{78EA6327-2285-4102-8F3D-4BF97E1D1887}.Release|Any CPU.ActiveCfg = Release|Any CPU
		{78EA6327-2285-4102-8F3D-4BF97E1D1887}.Release|Any CPU.Build.0 = Release|Any CPU
	EndGlobalSection
	GlobalSection(SolutionProperties) = preSolution
		HideSolutionNode = FALSE
	EndGlobalSection
	GlobalSection(NestedProjects) = preSolution
		{88BC0C1C-0A24-421D-9400-0FD473C69750} = {F79C41E7-BC08-4716-8E1E-DF82567AABA8}
		{DF6F0813-A270-48C1-84B7-E58767FB095D} = {F79C41E7-BC08-4716-8E1E-DF82567AABA8}
		{BA13376C-D924-4D4E-97A9-7CF1A27585E3} = {F79C41E7-BC08-4716-8E1E-DF82567AABA8}
		{08A311AB-FDBE-4B9F-A6EC-8D0347DF30BF} = {F79C41E7-BC08-4716-8E1E-DF82567AABA8}
		{82491412-DED6-4DFC-9204-F8802A42F046} = {88BC0C1C-0A24-421D-9400-0FD473C69750}
		{55B9A89D-F815-460E-BA7A-A4AFC990893B} = {88BC0C1C-0A24-421D-9400-0FD473C69750}
		{7CF41D5A-FC3F-437C-AC67-E67F9F10F777} = {88BC0C1C-0A24-421D-9400-0FD473C69750}
		{00B7DDAF-AA39-4434-9A22-662B34AA3F34} = {88BC0C1C-0A24-421D-9400-0FD473C69750}
		{4FED87C2-CAA1-4B1B-956A-30A598CE8111} = {DF6F0813-A270-48C1-84B7-E58767FB095D}
		{B8B7488D-F978-4D98-A87B-42A0B9438B10} = {BA13376C-D924-4D4E-97A9-7CF1A27585E3}
		{3B91F696-E772-4F60-92A6-79B3F6DEA083} = {08A311AB-FDBE-4B9F-A6EC-8D0347DF30BF}
		{EA63AFC1-796D-43EB-BFB9-B6416C1CB9D4} = {08A311AB-FDBE-4B9F-A6EC-8D0347DF30BF}
		{78EA6327-2285-4102-8F3D-4BF97E1D1887} = {DF6F0813-A270-48C1-84B7-E58767FB095D}
	EndGlobalSection
	GlobalSection(ExtensibilityGlobals) = postSolution
		SolutionGuid = {512E5BD4-F434-419F-BE34-2C272B000EDC}
	EndGlobalSection
EndGlobal
